
Microsoft Visual Studio Solution File, Format Version 12.00
# Visual Studio Version 17
VisualStudioVersion = 17.0.31903.59
MinimumVisualStudioVersion = 10.0.40219.1
Project("{2150E333-8FDC-42A3-9474-1A3956D46DE8}") = "src", "src", "{807D08E8-6DAF-4E32-A6D3-6958FC0A55E0}"
EndProject
Project("{2150E333-8FDC-42A3-9474-1A3956D46DE8}") = "tests", "tests", "{7B7D7317-F17D-45B6-B38D-F2232EBF6804}"
EndProject
Project("{2150E333-8FDC-42A3-9474-1A3956D46DE8}") = "samples", "samples", "{D5E34206-BC69-441E-8893-E81B464644B1}"
EndProject
Project("{2150E333-8FDC-42A3-9474-1A3956D46DE8}") = ".github", ".github", "{42A14BCF-70CA-40CD-90EE-E73FE8377C5A}"
	ProjectSection(SolutionItems) = preProject
		.github\dependabot.yml = .github\dependabot.yml
	EndProjectSection
EndProject
Project("{2150E333-8FDC-42A3-9474-1A3956D46DE8}") = "workflows", "workflows", "{116D548D-B041-4AE1-8DA9-F4402950AF08}"
	ProjectSection(SolutionItems) = preProject
		.github\workflows\BuildTestDeploy.yml = .github\workflows\BuildTestDeploy.yml
	EndProjectSection
EndProject
Project("{2150E333-8FDC-42A3-9474-1A3956D46DE8}") = "Solution Items", "Solution Items", "{AA22BEDB-FDE1-4B05-8FF5-3CAE4162CC73}"
	ProjectSection(SolutionItems) = preProject
		.editorconfig = .editorconfig
		.gitattributes = .gitattributes
		.gitignore = .gitignore
		.runsettings = .runsettings
		Directory.Build.props = Directory.Build.props
		Directory.build.targets = Directory.build.targets
		LICENSE.txt = LICENSE.txt
		README.md = README.md
		version.json = version.json
	EndProjectSection
EndProject
Project("{9A19103F-16F7-4668-BE54-9A1E7A4F7556}") = "Vectron.Extensions.Hosting", "src\Vectron.Extensions.Hosting\Vectron.Extensions.Hosting.csproj", "{BFA2CC97-F8CB-4076-B6C6-8327A1CAD111}"
EndProject
Global
	GlobalSection(SolutionConfigurationPlatforms) = preSolution
		Debug|Any CPU = Debug|Any CPU
		Release|Any CPU = Release|Any CPU
	EndGlobalSection
	GlobalSection(ProjectConfigurationPlatforms) = postSolution
		{BFA2CC97-F8CB-4076-B6C6-8327A1CAD111}.Debug|Any CPU.ActiveCfg = Debug|Any CPU
		{BFA2CC97-F8CB-4076-B6C6-8327A1CAD111}.Debug|Any CPU.Build.0 = Debug|Any CPU
		{BFA2CC97-F8CB-4076-B6C6-8327A1CAD111}.Release|Any CPU.ActiveCfg = Release|Any CPU
		{BFA2CC97-F8CB-4076-B6C6-8327A1CAD111}.Release|Any CPU.Build.0 = Release|Any CPU
	EndGlobalSection
	GlobalSection(SolutionProperties) = preSolution
		HideSolutionNode = FALSE
	EndGlobalSection
	GlobalSection(NestedProjects) = preSolution
		{116D548D-B041-4AE1-8DA9-F4402950AF08} = {42A14BCF-70CA-40CD-90EE-E73FE8377C5A}
		{BFA2CC97-F8CB-4076-B6C6-8327A1CAD111} = {807D08E8-6DAF-4E32-A6D3-6958FC0A55E0}
	EndGlobalSection
	GlobalSection(ExtensibilityGlobals) = postSolution
		SolutionGuid = {ADA11AAF-1A77-40B9-86A4-4A60922A5202}
	EndGlobalSection
EndGlobal
